// !$*UTF8*$!
{
	archiveVersion = 1;
	classes = {
	};
	objectVersion = 55;
	objects = {

/* Begin PBXBuildFile section */
		171B83CB2948FFDB00EE478F /* AppDelegate.swift in Sources */ = {isa = PBXBuildFile; fileRef = 171B83CA2948FFDB00EE478F /* AppDelegate.swift */; };
		171B83CD2948FFDB00EE478F /* SceneDelegate.swift in Sources */ = {isa = PBXBuildFile; fileRef = 171B83CC2948FFDB00EE478F /* SceneDelegate.swift */; };
		171B83CF2948FFDB00EE478F /* DebugViewController.swift in Sources */ = {isa = PBXBuildFile; fileRef = 171B83CE2948FFDB00EE478F /* DebugViewController.swift */; };
		171B83D22948FFDB00EE478F /* Main.storyboard in Resources */ = {isa = PBXBuildFile; fileRef = 171B83D02948FFDB00EE478F /* Main.storyboard */; };
		171B83D42948FFDC00EE478F /* Assets.xcassets in Resources */ = {isa = PBXBuildFile; fileRef = 171B83D32948FFDC00EE478F /* Assets.xcassets */; };
		171B83D72948FFDC00EE478F /* LaunchScreen.storyboard in Resources */ = {isa = PBXBuildFile; fileRef = 171B83D52948FFDC00EE478F /* LaunchScreen.storyboard */; };
		171B83E02949027700EE478F /* BluetoothManager.swift in Sources */ = {isa = PBXBuildFile; fileRef = 171B83DF2949027700EE478F /* BluetoothManager.swift */; };
		171B83E22949193C00EE478F /* Spec.swift in Sources */ = {isa = PBXBuildFile; fileRef = 171B83E12949193C00EE478F /* Spec.swift */; };
		171B83E52949196200EE478F /* BluetoothTagModel.swift in Sources */ = {isa = PBXBuildFile; fileRef = 171B83E42949196200EE478F /* BluetoothTagModel.swift */; };
		172124CB294F478B00DE386D /* Player.swift in Sources */ = {isa = PBXBuildFile; fileRef = 172124CA294F478B00DE386D /* Player.swift */; };
		172124CD294F526700DE386D /* Atomic.swift in Sources */ = {isa = PBXBuildFile; fileRef = 172124CC294F526700DE386D /* Atomic.swift */; };
		173969AE295210CF00EFEB2F /* Networker.swift in Sources */ = {isa = PBXBuildFile; fileRef = 173969AD295210CF00EFEB2F /* Networker.swift */; };
		173969B029524D1D00EFEB2F /* User.swift in Sources */ = {isa = PBXBuildFile; fileRef = 173969AF29524D1D00EFEB2F /* User.swift */; };
		173969B529525ED100EFEB2F /* AuthorizationResponse.swift in Sources */ = {isa = PBXBuildFile; fileRef = 173969B429525ED100EFEB2F /* AuthorizationResponse.swift */; };
		173969B729525EE600EFEB2F /* EndpointFactory.swift in Sources */ = {isa = PBXBuildFile; fileRef = 173969B629525EE600EFEB2F /* EndpointFactory.swift */; };
		173969BA29525F2B00EFEB2F /* Endpoint.swift in Sources */ = {isa = PBXBuildFile; fileRef = 173969B929525F2B00EFEB2F /* Endpoint.swift */; };
		173969BC29525F9B00EFEB2F /* GlobalStorage.swift in Sources */ = {isa = PBXBuildFile; fileRef = 173969BB29525F9B00EFEB2F /* GlobalStorage.swift */; };
		173969BF2952648D00EFEB2F /* MainViewController.swift in Sources */ = {isa = PBXBuildFile; fileRef = 173969BE2952648D00EFEB2F /* MainViewController.swift */; };
		176043712954E591008F593D /* PayView.swift in Sources */ = {isa = PBXBuildFile; fileRef = 176043702954E591008F593D /* PayView.swift */; };
		17E9D1D6294A6AB200C6D354 /* FeedbackGenerator.swift in Sources */ = {isa = PBXBuildFile; fileRef = 17E9D1D5294A6AB200C6D354 /* FeedbackGenerator.swift */; };
		17E9D1DB294A70C300C6D354 /* LoggerHelper.swift in Sources */ = {isa = PBXBuildFile; fileRef = 17E9D1DA294A70C300C6D354 /* LoggerHelper.swift */; };
		4EDF458429536544002AFCC4 /* DeviceResponse.swift in Sources */ = {isa = PBXBuildFile; fileRef = 4EDF458329536544002AFCC4 /* DeviceResponse.swift */; };
/* End PBXBuildFile section */

/* Begin PBXFileReference section */
		171B83C72948FFDB00EE478F /* BluetoothDemo.app */ = {isa = PBXFileReference; explicitFileType = wrapper.application; includeInIndex = 0; path = BluetoothDemo.app; sourceTree = BUILT_PRODUCTS_DIR; };
		171B83CA2948FFDB00EE478F /* AppDelegate.swift */ = {isa = PBXFileReference; lastKnownFileType = sourcecode.swift; path = AppDelegate.swift; sourceTree = "<group>"; };
		171B83CC2948FFDB00EE478F /* SceneDelegate.swift */ = {isa = PBXFileReference; lastKnownFileType = sourcecode.swift; path = SceneDelegate.swift; sourceTree = "<group>"; };
		171B83CE2948FFDB00EE478F /* DebugViewController.swift */ = {isa = PBXFileReference; lastKnownFileType = sourcecode.swift; path = DebugViewController.swift; sourceTree = "<group>"; };
		171B83D12948FFDB00EE478F /* Base */ = {isa = PBXFileReference; lastKnownFileType = file.storyboard; name = Base; path = Base.lproj/Main.storyboard; sourceTree = "<group>"; };
		171B83D32948FFDC00EE478F /* Assets.xcassets */ = {isa = PBXFileReference; lastKnownFileType = folder.assetcatalog; path = Assets.xcassets; sourceTree = "<group>"; };
		171B83D62948FFDC00EE478F /* Base */ = {isa = PBXFileReference; lastKnownFileType = file.storyboard; name = Base; path = Base.lproj/LaunchScreen.storyboard; sourceTree = "<group>"; };
		171B83D82948FFDC00EE478F /* Info.plist */ = {isa = PBXFileReference; lastKnownFileType = text.plist.xml; path = Info.plist; sourceTree = "<group>"; };
		171B83DF2949027700EE478F /* BluetoothManager.swift */ = {isa = PBXFileReference; lastKnownFileType = sourcecode.swift; path = BluetoothManager.swift; sourceTree = "<group>"; };
		171B83E12949193C00EE478F /* Spec.swift */ = {isa = PBXFileReference; lastKnownFileType = sourcecode.swift; path = Spec.swift; sourceTree = "<group>"; };
		171B83E42949196200EE478F /* BluetoothTagModel.swift */ = {isa = PBXFileReference; lastKnownFileType = sourcecode.swift; path = BluetoothTagModel.swift; sourceTree = "<group>"; };
		172124CA294F478B00DE386D /* Player.swift */ = {isa = PBXFileReference; lastKnownFileType = sourcecode.swift; path = Player.swift; sourceTree = "<group>"; };
		172124CC294F526700DE386D /* Atomic.swift */ = {isa = PBXFileReference; lastKnownFileType = sourcecode.swift; path = Atomic.swift; sourceTree = "<group>"; };
		173969AD295210CF00EFEB2F /* Networker.swift */ = {isa = PBXFileReference; lastKnownFileType = sourcecode.swift; path = Networker.swift; sourceTree = "<group>"; };
		173969AF29524D1D00EFEB2F /* User.swift */ = {isa = PBXFileReference; lastKnownFileType = sourcecode.swift; path = User.swift; sourceTree = "<group>"; };
		173969B429525ED100EFEB2F /* AuthorizationResponse.swift */ = {isa = PBXFileReference; lastKnownFileType = sourcecode.swift; path = AuthorizationResponse.swift; sourceTree = "<group>"; };
		173969B629525EE600EFEB2F /* EndpointFactory.swift */ = {isa = PBXFileReference; lastKnownFileType = sourcecode.swift; path = EndpointFactory.swift; sourceTree = "<group>"; };
		173969B929525F2B00EFEB2F /* Endpoint.swift */ = {isa = PBXFileReference; lastKnownFileType = sourcecode.swift; path = Endpoint.swift; sourceTree = "<group>"; };
		173969BB29525F9B00EFEB2F /* GlobalStorage.swift */ = {isa = PBXFileReference; lastKnownFileType = sourcecode.swift; path = GlobalStorage.swift; sourceTree = "<group>"; };
		173969BE2952648D00EFEB2F /* MainViewController.swift */ = {isa = PBXFileReference; lastKnownFileType = sourcecode.swift; path = MainViewController.swift; sourceTree = "<group>"; };
		176043702954E591008F593D /* PayView.swift */ = {isa = PBXFileReference; lastKnownFileType = sourcecode.swift; path = PayView.swift; sourceTree = "<group>"; };
		17E9D1D5294A6AB200C6D354 /* FeedbackGenerator.swift */ = {isa = PBXFileReference; lastKnownFileType = sourcecode.swift; path = FeedbackGenerator.swift; sourceTree = "<group>"; };
		17E9D1DA294A70C300C6D354 /* LoggerHelper.swift */ = {isa = PBXFileReference; lastKnownFileType = sourcecode.swift; path = LoggerHelper.swift; sourceTree = "<group>"; };
		4EDF458329536544002AFCC4 /* DeviceResponse.swift */ = {isa = PBXFileReference; lastKnownFileType = sourcecode.swift; path = DeviceResponse.swift; sourceTree = "<group>"; };
/* End PBXFileReference section */

/* Begin PBXFrameworksBuildPhase section */
		171B83C42948FFDB00EE478F /* Frameworks */ = {
			isa = PBXFrameworksBuildPhase;
			buildActionMask = 2147483647;
			files = (
			);
			runOnlyForDeploymentPostprocessing = 0;
		};
/* End PBXFrameworksBuildPhase section */

/* Begin PBXGroup section */
		171B83BE2948FFDB00EE478F = {
			isa = PBXGroup;
			children = (
				171B83C92948FFDB00EE478F /* BluetoothDemo */,
				171B83C82948FFDB00EE478F /* Products */,
			);
			sourceTree = "<group>";
		};
		171B83C82948FFDB00EE478F /* Products */ = {
			isa = PBXGroup;
			children = (
				171B83C72948FFDB00EE478F /* BluetoothDemo.app */,
			);
			name = Products;
			sourceTree = "<group>";
		};
		171B83C92948FFDB00EE478F /* BluetoothDemo */ = {
			isa = PBXGroup;
			children = (
				173969BD2952632900EFEB2F /* Modules */,
				173969B129525EAA00EFEB2F /* Network */,
				171B83E32949194F00EE478F /* Models */,
				171B83DE2949026300EE478F /* Core */,
				171B83CA2948FFDB00EE478F /* AppDelegate.swift */,
				171B83CC2948FFDB00EE478F /* SceneDelegate.swift */,
				171B83E12949193C00EE478F /* Spec.swift */,
				171B83D02948FFDB00EE478F /* Main.storyboard */,
				171B83D32948FFDC00EE478F /* Assets.xcassets */,
				171B83D52948FFDC00EE478F /* LaunchScreen.storyboard */,
				171B83D82948FFDC00EE478F /* Info.plist */,
				176043702954E591008F593D /* PayView.swift */,
			);
			path = BluetoothDemo;
			sourceTree = "<group>";
		};
		171B83DE2949026300EE478F /* Core */ = {
			isa = PBXGroup;
			children = (
				172124CE294F569100DE386D /* Wrappers */,
				171B83DF2949027700EE478F /* BluetoothManager.swift */,
				17E9D1D5294A6AB200C6D354 /* FeedbackGenerator.swift */,
				17E9D1DA294A70C300C6D354 /* LoggerHelper.swift */,
				172124CA294F478B00DE386D /* Player.swift */,
				173969BB29525F9B00EFEB2F /* GlobalStorage.swift */,
			);
			path = Core;
			sourceTree = "<group>";
		};
		171B83E32949194F00EE478F /* Models */ = {
			isa = PBXGroup;
			children = (
				171B83E42949196200EE478F /* BluetoothTagModel.swift */,
				173969AF29524D1D00EFEB2F /* User.swift */,
			);
			path = Models;
			sourceTree = "<group>";
		};
		172124CE294F569100DE386D /* Wrappers */ = {
			isa = PBXGroup;
			children = (
				172124CC294F526700DE386D /* Atomic.swift */,
			);
			path = Wrappers;
			sourceTree = "<group>";
		};
		173969B129525EAA00EFEB2F /* Network */ = {
			isa = PBXGroup;
			children = (
				173969B229525EBA00EFEB2F /* DTO */,
				173969AD295210CF00EFEB2F /* Networker.swift */,
				173969B629525EE600EFEB2F /* EndpointFactory.swift */,
				173969B929525F2B00EFEB2F /* Endpoint.swift */,
			);
			path = Network;
			sourceTree = "<group>";
		};
		173969B229525EBA00EFEB2F /* DTO */ = {
			isa = PBXGroup;
			children = (
				173969B429525ED100EFEB2F /* AuthorizationResponse.swift */,
				4EDF458329536544002AFCC4 /* DeviceResponse.swift */,
			);
			path = DTO;
			sourceTree = "<group>";
		};
		173969BD2952632900EFEB2F /* Modules */ = {
			isa = PBXGroup;
			children = (
				171B83CE2948FFDB00EE478F /* DebugViewController.swift */,
				173969BE2952648D00EFEB2F /* MainViewController.swift */,
			);
			path = Modules;
			sourceTree = "<group>";
		};
/* End PBXGroup section */

/* Begin PBXNativeTarget section */
		171B83C62948FFDB00EE478F /* BluetoothDemo */ = {
			isa = PBXNativeTarget;
			buildConfigurationList = 171B83DB2948FFDC00EE478F /* Build configuration list for PBXNativeTarget "BluetoothDemo" */;
			buildPhases = (
				171B83C32948FFDB00EE478F /* Sources */,
				171B83C42948FFDB00EE478F /* Frameworks */,
				171B83C52948FFDB00EE478F /* Resources */,
			);
			buildRules = (
			);
			dependencies = (
			);
			name = BluetoothDemo;
			productName = BluetoothDemo;
			productReference = 171B83C72948FFDB00EE478F /* BluetoothDemo.app */;
			productType = "com.apple.product-type.application";
		};
/* End PBXNativeTarget section */

/* Begin PBXProject section */
		171B83BF2948FFDB00EE478F /* Project object */ = {
			isa = PBXProject;
			attributes = {
				BuildIndependentTargetsInParallel = 1;
				LastSwiftUpdateCheck = 1320;
				LastUpgradeCheck = 1320;
				TargetAttributes = {
					171B83C62948FFDB00EE478F = {
						CreatedOnToolsVersion = 13.2.1;
					};
				};
			};
			buildConfigurationList = 171B83C22948FFDB00EE478F /* Build configuration list for PBXProject "BluetoothDemo" */;
			compatibilityVersion = "Xcode 13.0";
			developmentRegion = en;
			hasScannedForEncodings = 0;
			knownRegions = (
				en,
				Base,
			);
			mainGroup = 171B83BE2948FFDB00EE478F;
			productRefGroup = 171B83C82948FFDB00EE478F /* Products */;
			projectDirPath = "";
			projectRoot = "";
			targets = (
				171B83C62948FFDB00EE478F /* BluetoothDemo */,
			);
		};
/* End PBXProject section */

/* Begin PBXResourcesBuildPhase section */
		171B83C52948FFDB00EE478F /* Resources */ = {
			isa = PBXResourcesBuildPhase;
			buildActionMask = 2147483647;
			files = (
				171B83D72948FFDC00EE478F /* LaunchScreen.storyboard in Resources */,
				171B83D42948FFDC00EE478F /* Assets.xcassets in Resources */,
				171B83D22948FFDB00EE478F /* Main.storyboard in Resources */,
			);
			runOnlyForDeploymentPostprocessing = 0;
		};
/* End PBXResourcesBuildPhase section */

/* Begin PBXSourcesBuildPhase section */
		171B83C32948FFDB00EE478F /* Sources */ = {
			isa = PBXSourcesBuildPhase;
			buildActionMask = 2147483647;
			files = (
				173969B529525ED100EFEB2F /* AuthorizationResponse.swift in Sources */,
				173969BC29525F9B00EFEB2F /* GlobalStorage.swift in Sources */,
				173969AE295210CF00EFEB2F /* Networker.swift in Sources */,
				171B83CF2948FFDB00EE478F /* DebugViewController.swift in Sources */,
				176043712954E591008F593D /* PayView.swift in Sources */,
				171B83CB2948FFDB00EE478F /* AppDelegate.swift in Sources */,
				173969BA29525F2B00EFEB2F /* Endpoint.swift in Sources */,
				171B83E02949027700EE478F /* BluetoothManager.swift in Sources */,
				173969BF2952648D00EFEB2F /* MainViewController.swift in Sources */,
				4EDF458429536544002AFCC4 /* DeviceResponse.swift in Sources */,
				171B83E22949193C00EE478F /* Spec.swift in Sources */,
				172124CD294F526700DE386D /* Atomic.swift in Sources */,
				17E9D1D6294A6AB200C6D354 /* FeedbackGenerator.swift in Sources */,
				17E9D1DB294A70C300C6D354 /* LoggerHelper.swift in Sources */,
				173969B729525EE600EFEB2F /* EndpointFactory.swift in Sources */,
				173969B029524D1D00EFEB2F /* User.swift in Sources */,
				172124CB294F478B00DE386D /* Player.swift in Sources */,
				171B83CD2948FFDB00EE478F /* SceneDelegate.swift in Sources */,
				171B83E52949196200EE478F /* BluetoothTagModel.swift in Sources */,
			);
			runOnlyForDeploymentPostprocessing = 0;
		};
/* End PBXSourcesBuildPhase section */

/* Begin PBXVariantGroup section */
		171B83D02948FFDB00EE478F /* Main.storyboard */ = {
			isa = PBXVariantGroup;
			children = (
				171B83D12948FFDB00EE478F /* Base */,
			);
			name = Main.storyboard;
			sourceTree = "<group>";
		};
		171B83D52948FFDC00EE478F /* LaunchScreen.storyboard */ = {
			isa = PBXVariantGroup;
			children = (
				171B83D62948FFDC00EE478F /* Base */,
			);
			name = LaunchScreen.storyboard;
			sourceTree = "<group>";
		};
/* End PBXVariantGroup section */

/* Begin XCBuildConfiguration section */
		171B83D92948FFDC00EE478F /* Debug */ = {
			isa = XCBuildConfiguration;
			buildSettings = {
				ALWAYS_SEARCH_USER_PATHS = NO;
				CLANG_ANALYZER_NONNULL = YES;
				CLANG_ANALYZER_NUMBER_OBJECT_CONVERSION = YES_AGGRESSIVE;
				CLANG_CXX_LANGUAGE_STANDARD = "gnu++17";
				CLANG_CXX_LIBRARY = "libc++";
				CLANG_ENABLE_MODULES = YES;
				CLANG_ENABLE_OBJC_ARC = YES;
				CLANG_ENABLE_OBJC_WEAK = YES;
				CLANG_WARN_BLOCK_CAPTURE_AUTORELEASING = YES;
				CLANG_WARN_BOOL_CONVERSION = YES;
				CLANG_WARN_COMMA = YES;
				CLANG_WARN_CONSTANT_CONVERSION = YES;
				CLANG_WARN_DEPRECATED_OBJC_IMPLEMENTATIONS = YES;
				CLANG_WARN_DIRECT_OBJC_ISA_USAGE = YES_ERROR;
				CLANG_WARN_DOCUMENTATION_COMMENTS = YES;
				CLANG_WARN_EMPTY_BODY = YES;
				CLANG_WARN_ENUM_CONVERSION = YES;
				CLANG_WARN_INFINITE_RECURSION = YES;
				CLANG_WARN_INT_CONVERSION = YES;
				CLANG_WARN_NON_LITERAL_NULL_CONVERSION = YES;
				CLANG_WARN_OBJC_IMPLICIT_RETAIN_SELF = YES;
				CLANG_WARN_OBJC_LITERAL_CONVERSION = YES;
				CLANG_WARN_OBJC_ROOT_CLASS = YES_ERROR;
				CLANG_WARN_QUOTED_INCLUDE_IN_FRAMEWORK_HEADER = YES;
				CLANG_WARN_RANGE_LOOP_ANALYSIS = YES;
				CLANG_WARN_STRICT_PROTOTYPES = YES;
				CLANG_WARN_SUSPICIOUS_MOVE = YES;
				CLANG_WARN_UNGUARDED_AVAILABILITY = YES_AGGRESSIVE;
				CLANG_WARN_UNREACHABLE_CODE = YES;
				CLANG_WARN__DUPLICATE_METHOD_MATCH = YES;
				COPY_PHASE_STRIP = NO;
				DEBUG_INFORMATION_FORMAT = dwarf;
				ENABLE_STRICT_OBJC_MSGSEND = YES;
				ENABLE_TESTABILITY = YES;
				GCC_C_LANGUAGE_STANDARD = gnu11;
				GCC_DYNAMIC_NO_PIC = NO;
				GCC_NO_COMMON_BLOCKS = YES;
				GCC_OPTIMIZATION_LEVEL = 0;
				GCC_PREPROCESSOR_DEFINITIONS = (
					"DEBUG=1",
					"$(inherited)",
				);
				GCC_WARN_64_TO_32_BIT_CONVERSION = YES;
				GCC_WARN_ABOUT_RETURN_TYPE = YES_ERROR;
				GCC_WARN_UNDECLARED_SELECTOR = YES;
				GCC_WARN_UNINITIALIZED_AUTOS = YES_AGGRESSIVE;
				GCC_WARN_UNUSED_FUNCTION = YES;
				GCC_WARN_UNUSED_VARIABLE = YES;
				IPHONEOS_DEPLOYMENT_TARGET = 15.2;
				MTL_ENABLE_DEBUG_INFO = INCLUDE_SOURCE;
				MTL_FAST_MATH = YES;
				ONLY_ACTIVE_ARCH = YES;
				SDKROOT = iphoneos;
				SWIFT_ACTIVE_COMPILATION_CONDITIONS = DEBUG;
				SWIFT_OPTIMIZATION_LEVEL = "-Onone";
			};
			name = Debug;
		};
		171B83DA2948FFDC00EE478F /* Release */ = {
			isa = XCBuildConfiguration;
			buildSettings = {
				ALWAYS_SEARCH_USER_PATHS = NO;
				CLANG_ANALYZER_NONNULL = YES;
				CLANG_ANALYZER_NUMBER_OBJECT_CONVERSION = YES_AGGRESSIVE;
				CLANG_CXX_LANGUAGE_STANDARD = "gnu++17";
				CLANG_CXX_LIBRARY = "libc++";
				CLANG_ENABLE_MODULES = YES;
				CLANG_ENABLE_OBJC_ARC = YES;
				CLANG_ENABLE_OBJC_WEAK = YES;
				CLANG_WARN_BLOCK_CAPTURE_AUTORELEASING = YES;
				CLANG_WARN_BOOL_CONVERSION = YES;
				CLANG_WARN_COMMA = YES;
				CLANG_WARN_CONSTANT_CONVERSION = YES;
				CLANG_WARN_DEPRECATED_OBJC_IMPLEMENTATIONS = YES;
				CLANG_WARN_DIRECT_OBJC_ISA_USAGE = YES_ERROR;
				CLANG_WARN_DOCUMENTATION_COMMENTS = YES;
				CLANG_WARN_EMPTY_BODY = YES;
				CLANG_WARN_ENUM_CONVERSION = YES;
				CLANG_WARN_INFINITE_RECURSION = YES;
				CLANG_WARN_INT_CONVERSION = YES;
				CLANG_WARN_NON_LITERAL_NULL_CONVERSION = YES;
				CLANG_WARN_OBJC_IMPLICIT_RETAIN_SELF = YES;
				CLANG_WARN_OBJC_LITERAL_CONVERSION = YES;
				CLANG_WARN_OBJC_ROOT_CLASS = YES_ERROR;
				CLANG_WARN_QUOTED_INCLUDE_IN_FRAMEWORK_HEADER = YES;
				CLANG_WARN_RANGE_LOOP_ANALYSIS = YES;
				CLANG_WARN_STRICT_PROTOTYPES = YES;
				CLANG_WARN_SUSPICIOUS_MOVE = YES;
				CLANG_WARN_UNGUARDED_AVAILABILITY = YES_AGGRESSIVE;
				CLANG_WARN_UNREACHABLE_CODE = YES;
				CLANG_WARN__DUPLICATE_METHOD_MATCH = YES;
				COPY_PHASE_STRIP = NO;
				DEBUG_INFORMATION_FORMAT = "dwarf-with-dsym";
				ENABLE_NS_ASSERTIONS = NO;
				ENABLE_STRICT_OBJC_MSGSEND = YES;
				GCC_C_LANGUAGE_STANDARD = gnu11;
				GCC_NO_COMMON_BLOCKS = YES;
				GCC_WARN_64_TO_32_BIT_CONVERSION = YES;
				GCC_WARN_ABOUT_RETURN_TYPE = YES_ERROR;
				GCC_WARN_UNDECLARED_SELECTOR = YES;
				GCC_WARN_UNINITIALIZED_AUTOS = YES_AGGRESSIVE;
				GCC_WARN_UNUSED_FUNCTION = YES;
				GCC_WARN_UNUSED_VARIABLE = YES;
				IPHONEOS_DEPLOYMENT_TARGET = 15.2;
				MTL_ENABLE_DEBUG_INFO = NO;
				MTL_FAST_MATH = YES;
				SDKROOT = iphoneos;
				SWIFT_COMPILATION_MODE = wholemodule;
				SWIFT_OPTIMIZATION_LEVEL = "-O";
				VALIDATE_PRODUCT = YES;
			};
			name = Release;
		};
		171B83DC2948FFDC00EE478F /* Debug */ = {
			isa = XCBuildConfiguration;
			buildSettings = {
				ASSETCATALOG_COMPILER_APPICON_NAME = AppIcon;
				ASSETCATALOG_COMPILER_GLOBAL_ACCENT_COLOR_NAME = AccentColor;
				CODE_SIGN_STYLE = Automatic;
				CURRENT_PROJECT_VERSION = 1;
				DEVELOPMENT_TEAM = G9AN7L738K;
				GENERATE_INFOPLIST_FILE = YES;
				INFOPLIST_FILE = BluetoothDemo/Info.plist;
				INFOPLIST_KEY_NSBluetoothAlwaysUsageDescription = "Our app uses bluetooth to find, connect and transfer data between different devices";
				INFOPLIST_KEY_UIApplicationSupportsIndirectInputEvents = YES;
				INFOPLIST_KEY_UILaunchStoryboardName = LaunchScreen;
				INFOPLIST_KEY_UIMainStoryboardFile = LaunchScreen;
				INFOPLIST_KEY_UISupportedInterfaceOrientations_iPad = "UIInterfaceOrientationPortrait UIInterfaceOrientationPortraitUpsideDown UIInterfaceOrientationLandscapeLeft UIInterfaceOrientationLandscapeRight";
				INFOPLIST_KEY_UISupportedInterfaceOrientations_iPhone = "UIInterfaceOrientationPortrait UIInterfaceOrientationLandscapeLeft UIInterfaceOrientationLandscapeRight";
				LD_RUNPATH_SEARCH_PATHS = (
					"$(inherited)",
					"@executable_path/Frameworks",
				);
				MARKETING_VERSION = 0.1.1;
				PRODUCT_BUNDLE_IDENTIFIER = ru.vendista.bluetoothdemo;
				PRODUCT_NAME = "$(TARGET_NAME)";
				SWIFT_EMIT_LOC_STRINGS = YES;
				SWIFT_VERSION = 5.0;
				TARGETED_DEVICE_FAMILY = 1;
			};
			name = Debug;
		};
		171B83DD2948FFDC00EE478F /* Release */ = {
			isa = XCBuildConfiguration;
			buildSettings = {
				ASSETCATALOG_COMPILER_APPICON_NAME = AppIcon;
				ASSETCATALOG_COMPILER_GLOBAL_ACCENT_COLOR_NAME = AccentColor;
				CODE_SIGN_STYLE = Automatic;
				CURRENT_PROJECT_VERSION = 1;
				DEVELOPMENT_TEAM = G9AN7L738K;
				GENERATE_INFOPLIST_FILE = YES;
				INFOPLIST_FILE = BluetoothDemo/Info.plist;
				INFOPLIST_KEY_NSBluetoothAlwaysUsageDescription = "Our app uses bluetooth to find, connect and transfer data between different devices";
				INFOPLIST_KEY_UIApplicationSupportsIndirectInputEvents = YES;
				INFOPLIST_KEY_UILaunchStoryboardName = LaunchScreen;
				INFOPLIST_KEY_UIMainStoryboardFile = LaunchScreen;
				INFOPLIST_KEY_UISupportedInterfaceOrientations_iPad = "UIInterfaceOrientationPortrait UIInterfaceOrientationPortraitUpsideDown UIInterfaceOrientationLandscapeLeft UIInterfaceOrientationLandscapeRight";
				INFOPLIST_KEY_UISupportedInterfaceOrientations_iPhone = "UIInterfaceOrientationPortrait UIInterfaceOrientationLandscapeLeft UIInterfaceOrientationLandscapeRight";
				LD_RUNPATH_SEARCH_PATHS = (
					"$(inherited)",
					"@executable_path/Frameworks",
				);
				MARKETING_VERSION = 0.1.1;
				PRODUCT_BUNDLE_IDENTIFIER = ru.vendista.bluetoothdemo;
				PRODUCT_NAME = "$(TARGET_NAME)";
				SWIFT_ACTIVE_COMPILATION_CONDITIONS = "";
				SWIFT_EMIT_LOC_STRINGS = YES;
				SWIFT_VERSION = 5.0;
				TARGETED_DEVICE_FAMILY = 1;
			};
			name = Release;
		};
/* End XCBuildConfiguration section */

/* Begin XCConfigurationList section */
		171B83C22948FFDB00EE478F /* Build configuration list for PBXProject "BluetoothDemo" */ = {
			isa = XCConfigurationList;
			buildConfigurations = (
				171B83D92948FFDC00EE478F /* Debug */,
				171B83DA2948FFDC00EE478F /* Release */,
			);
			defaultConfigurationIsVisible = 0;
			defaultConfigurationName = Release;
		};
		171B83DB2948FFDC00EE478F /* Build configuration list for PBXNativeTarget "BluetoothDemo" */ = {
			isa = XCConfigurationList;
			buildConfigurations = (
				171B83DC2948FFDC00EE478F /* Debug */,
				171B83DD2948FFDC00EE478F /* Release */,
			);
			defaultConfigurationIsVisible = 0;
			defaultConfigurationName = Release;
		};
/* End XCConfigurationList section */
	};
	rootObject = 171B83BF2948FFDB00EE478F /* Project object */;
}
